
Microsoft Visual Studio Solution File, Format Version 12.00
# Visual Studio Version 17
VisualStudioVersion = 17.9.34607.119
MinimumVisualStudioVersion = 10.0.40219.1
Project("{9A19103F-16F7-4668-BE54-9A1E7A4F7556}") = "src", "src.csproj", "{FAC23705-F1A0-4745-B492-D4F37E7B014B}"
EndProject
Project("{9A19103F-16F7-4668-BE54-9A1E7A4F7556}") = "Test", "..\Test\Test.csproj", "{AA81AC58-7E65-4600-AA82-9FACE6384A54}"
EndProject
Global
	GlobalSection(SolutionConfigurationPlatforms) = preSolution
		Debug|Any CPU = Debug|Any CPU
		Release|Any CPU = Release|Any CPU
	EndGlobalSection
	GlobalSection(ProjectConfigurationPlatforms) = postSolution
		{FAC23705-F1A0-4745-B492-D4F37E7B014B}.Debug|Any CPU.ActiveCfg = Debug|Any CPU
		{FAC23705-F1A0-4745-B492-D4F37E7B014B}.Debug|Any CPU.Build.0 = Debug|Any CPU
		{FAC23705-F1A0-4745-B492-D4F37E7B014B}.Release|Any CPU.ActiveCfg = Release|Any CPU
		{FAC23705-F1A0-4745-B492-D4F37E7B014B}.Release|Any CPU.Build.0 = Release|Any CPU
		{AA81AC58-7E65-4600-AA82-9FACE6384A54}.Debug|Any CPU.ActiveCfg = Debug|Any CPU
		{AA81AC58-7E65-4600-AA82-9FACE6384A54}.Debug|Any CPU.Build.0 = Debug|Any CPU
		{AA81AC58-7E65-4600-AA82-9FACE6384A54}.Release|Any CPU.ActiveCfg = Release|Any CPU
		{AA81AC58-7E65-4600-AA82-9FACE6384A54}.Release|Any CPU.Build.0 = Release|Any CPU
	EndGlobalSection
	GlobalSection(SolutionProperties) = preSolution
		HideSolutionNode = FALSE
	EndGlobalSection
	GlobalSection(ExtensibilityGlobals) = postSolution
		SolutionGuid = {02EE33B9-5097-4D4B-BA5F-41B3428AA9C1}
	EndGlobalSection
EndGlobal
